// !$*UTF8*$!
{
	archiveVersion = 1;
	classes = {
	};
	objectVersion = 50;
	objects = {

/* Begin PBXBuildFile section */
		C70C8BCD270C2F10001EE73C /* AR_hand_detectionApp.swift in Sources */ = {isa = PBXBuildFile; fileRef = C70C8BCC270C2F10001EE73C /* AR_hand_detectionApp.swift */; };
		C70C8BCF270C2F10001EE73C /* ContentView.swift in Sources */ = {isa = PBXBuildFile; fileRef = C70C8BCE270C2F10001EE73C /* ContentView.swift */; };
		C70C8BD1270C2F11001EE73C /* Assets.xcassets in Resources */ = {isa = PBXBuildFile; fileRef = C70C8BD0270C2F11001EE73C /* Assets.xcassets */; };
		C70C8BD4270C2F11001EE73C /* Preview Assets.xcassets in Resources */ = {isa = PBXBuildFile; fileRef = C70C8BD3270C2F11001EE73C /* Preview Assets.xcassets */; };
		C70C8BDE270EEC35001EE73C /* CameraPreview.swift in Sources */ = {isa = PBXBuildFile; fileRef = C70C8BDD270EEC35001EE73C /* CameraPreview.swift */; };
		C70C8BE2270EF824001EE73C /* CameraViewController.swift in Sources */ = {isa = PBXBuildFile; fileRef = C70C8BE1270EF824001EE73C /* CameraViewController.swift */; };
		C70C8BE4270EF887001EE73C /* CameraView.swift in Sources */ = {isa = PBXBuildFile; fileRef = C70C8BE3270EF887001EE73C /* CameraView.swift */; };
/* End PBXBuildFile section */

/* Begin PBXFileReference section */
		C70C8BC9270C2F10001EE73C /* AR_hand_detection.app */ = {isa = PBXFileReference; explicitFileType = wrapper.application; includeInIndex = 0; path = AR_hand_detection.app; sourceTree = BUILT_PRODUCTS_DIR; };
		C70C8BCC270C2F10001EE73C /* AR_hand_detectionApp.swift */ = {isa = PBXFileReference; lastKnownFileType = sourcecode.swift; path = AR_hand_detectionApp.swift; sourceTree = "<group>"; };
		C70C8BCE270C2F10001EE73C /* ContentView.swift */ = {isa = PBXFileReference; lastKnownFileType = sourcecode.swift; path = ContentView.swift; sourceTree = "<group>"; };
		C70C8BD0270C2F11001EE73C /* Assets.xcassets */ = {isa = PBXFileReference; lastKnownFileType = folder.assetcatalog; path = Assets.xcassets; sourceTree = "<group>"; };
		C70C8BD3270C2F11001EE73C /* Preview Assets.xcassets */ = {isa = PBXFileReference; lastKnownFileType = folder.assetcatalog; path = "Preview Assets.xcassets"; sourceTree = "<group>"; };
		C70C8BD5270C2F11001EE73C /* Info.plist */ = {isa = PBXFileReference; lastKnownFileType = text.plist.xml; path = Info.plist; sourceTree = "<group>"; };
		C70C8BDD270EEC35001EE73C /* CameraPreview.swift */ = {isa = PBXFileReference; lastKnownFileType = sourcecode.swift; path = CameraPreview.swift; sourceTree = "<group>"; };
		C70C8BE1270EF824001EE73C /* CameraViewController.swift */ = {isa = PBXFileReference; lastKnownFileType = sourcecode.swift; path = CameraViewController.swift; sourceTree = "<group>"; };
		C70C8BE3270EF887001EE73C /* CameraView.swift */ = {isa = PBXFileReference; lastKnownFileType = sourcecode.swift; path = CameraView.swift; sourceTree = "<group>"; };
/* End PBXFileReference section */

/* Begin PBXFrameworksBuildPhase section */
		C70C8BC6270C2F10001EE73C /* Frameworks */ = {
			isa = PBXFrameworksBuildPhase;
			buildActionMask = 2147483647;
			files = (
			);
			runOnlyForDeploymentPostprocessing = 0;
		};
/* End PBXFrameworksBuildPhase section */

/* Begin PBXGroup section */
		C70C8BC0270C2F10001EE73C = {
			isa = PBXGroup;
			children = (
				C70C8BCB270C2F10001EE73C /* AR_hand_detection */,
				C70C8BCA270C2F10001EE73C /* Products */,
			);
			sourceTree = "<group>";
		};
		C70C8BCA270C2F10001EE73C /* Products */ = {
			isa = PBXGroup;
			children = (
				C70C8BC9270C2F10001EE73C /* AR_hand_detection.app */,
			);
			name = Products;
			sourceTree = "<group>";
		};
		C70C8BCB270C2F10001EE73C /* AR_hand_detection */ = {
			isa = PBXGroup;
			children = (
				C70C8BCC270C2F10001EE73C /* AR_hand_detectionApp.swift */,
				C70C8BCE270C2F10001EE73C /* ContentView.swift */,
				C70C8BD0270C2F11001EE73C /* Assets.xcassets */,
				C70C8BD5270C2F11001EE73C /* Info.plist */,
				C70C8BD2270C2F11001EE73C /* Preview Content */,
				C70C8BDD270EEC35001EE73C /* CameraPreview.swift */,
				C70C8BE1270EF824001EE73C /* CameraViewController.swift */,
				C70C8BE3270EF887001EE73C /* CameraView.swift */,
			);
			path = AR_hand_detection;
			sourceTree = "<group>";
		};
		C70C8BD2270C2F11001EE73C /* Preview Content */ = {
			isa = PBXGroup;
			children = (
				C70C8BD3270C2F11001EE73C /* Preview Assets.xcassets */,
			);
			path = "Preview Content";
			sourceTree = "<group>";
		};
/* End PBXGroup section */

/* Begin PBXNativeTarget section */
		C70C8BC8270C2F10001EE73C /* AR_hand_detection */ = {
			isa = PBXNativeTarget;
			buildConfigurationList = C70C8BD8270C2F11001EE73C /* Build configuration list for PBXNativeTarget "AR_hand_detection" */;
			buildPhases = (
				C70C8BC5270C2F10001EE73C /* Sources */,
				C70C8BC6270C2F10001EE73C /* Frameworks */,
				C70C8BC7270C2F10001EE73C /* Resources */,
			);
			buildRules = (
			);
			dependencies = (
			);
			name = AR_hand_detection;
			productName = AR_hand_detection;
			productReference = C70C8BC9270C2F10001EE73C /* AR_hand_detection.app */;
			productType = "com.apple.product-type.application";
		};
/* End PBXNativeTarget section */

/* Begin PBXProject section */
		C70C8BC1270C2F10001EE73C /* Project object */ = {
			isa = PBXProject;
			attributes = {
				LastSwiftUpdateCheck = 1250;
				LastUpgradeCheck = 1250;
				TargetAttributes = {
					C70C8BC8270C2F10001EE73C = {
						CreatedOnToolsVersion = 12.5.1;
					};
				};
			};
			buildConfigurationList = C70C8BC4270C2F10001EE73C /* Build configuration list for PBXProject "AR_hand_detection" */;
			compatibilityVersion = "Xcode 9.3";
			developmentRegion = en;
			hasScannedForEncodings = 0;
			knownRegions = (
				en,
				Base,
			);
			mainGroup = C70C8BC0270C2F10001EE73C;
			productRefGroup = C70C8BCA270C2F10001EE73C /* Products */;
			projectDirPath = "";
			projectRoot = "";
			targets = (
				C70C8BC8270C2F10001EE73C /* AR_hand_detection */,
			);
		};
/* End PBXProject section */

/* Begin PBXResourcesBuildPhase section */
		C70C8BC7270C2F10001EE73C /* Resources */ = {
			isa = PBXResourcesBuildPhase;
			buildActionMask = 2147483647;
			files = (
				C70C8BD4270C2F11001EE73C /* Preview Assets.xcassets in Resources */,
				C70C8BD1270C2F11001EE73C /* Assets.xcassets in Resources */,
			);
			runOnlyForDeploymentPostprocessing = 0;
		};
/* End PBXResourcesBuildPhase section */

/* Begin PBXSourcesBuildPhase section */
		C70C8BC5270C2F10001EE73C /* Sources */ = {
			isa = PBXSourcesBuildPhase;
			buildActionMask = 2147483647;
			files = (
				C70C8BDE270EEC35001EE73C /* CameraPreview.swift in Sources */,
				C70C8BE2270EF824001EE73C /* CameraViewController.swift in Sources */,
				C70C8BCF270C2F10001EE73C /* ContentView.swift in Sources */,
				C70C8BE4270EF887001EE73C /* CameraView.swift in Sources */,
				C70C8BCD270C2F10001EE73C /* AR_hand_detectionApp.swift in Sources */,
			);
			runOnlyForDeploymentPostprocessing = 0;
		};
/* End PBXSourcesBuildPhase section */

/* Begin XCBuildConfiguration section */
		C70C8BD6270C2F11001EE73C /* Debug */ = {
			isa = XCBuildConfiguration;
			buildSettings = {
				ALWAYS_SEARCH_USER_PATHS = NO;
				CLANG_ANALYZER_NONNULL = YES;
				CLANG_ANALYZER_NUMBER_OBJECT_CONVERSION = YES_AGGRESSIVE;
				CLANG_CXX_LANGUAGE_STANDARD = "gnu++14";
				CLANG_CXX_LIBRARY = "libc++";
				CLANG_ENABLE_MODULES = YES;
				CLANG_ENABLE_OBJC_ARC = YES;
				CLANG_ENABLE_OBJC_WEAK = YES;
				CLANG_WARN_BLOCK_CAPTURE_AUTORELEASING = YES;
				CLANG_WARN_BOOL_CONVERSION = YES;
				CLANG_WARN_COMMA = YES;
				CLANG_WARN_CONSTANT_CONVERSION = YES;
				CLANG_WARN_DEPRECATED_OBJC_IMPLEMENTATIONS = YES;
				CLANG_WARN_DIRECT_OBJC_ISA_USAGE = YES_ERROR;
				CLANG_WARN_DOCUMENTATION_COMMENTS = YES;
				CLANG_WARN_EMPTY_BODY = YES;
				CLANG_WARN_ENUM_CONVERSION = YES;
				CLANG_WARN_INFINITE_RECURSION = YES;
				CLANG_WARN_INT_CONVERSION = YES;
				CLANG_WARN_NON_LITERAL_NULL_CONVERSION = YES;
				CLANG_WARN_OBJC_IMPLICIT_RETAIN_SELF = YES;
				CLANG_WARN_OBJC_LITERAL_CONVERSION = YES;
				CLANG_WARN_OBJC_ROOT_CLASS = YES_ERROR;
				CLANG_WARN_QUOTED_INCLUDE_IN_FRAMEWORK_HEADER = YES;
				CLANG_WARN_RANGE_LOOP_ANALYSIS = YES;
				CLANG_WARN_STRICT_PROTOTYPES = YES;
				CLANG_WARN_SUSPICIOUS_MOVE = YES;
				CLANG_WARN_UNGUARDED_AVAILABILITY = YES_AGGRESSIVE;
				CLANG_WARN_UNREACHABLE_CODE = YES;
				CLANG_WARN__DUPLICATE_METHOD_MATCH = YES;
				COPY_PHASE_STRIP = NO;
				DEBUG_INFORMATION_FORMAT = dwarf;
				ENABLE_STRICT_OBJC_MSGSEND = YES;
				ENABLE_TESTABILITY = YES;
				GCC_C_LANGUAGE_STANDARD = gnu11;
				GCC_DYNAMIC_NO_PIC = NO;
				GCC_NO_COMMON_BLOCKS = YES;
				GCC_OPTIMIZATION_LEVEL = 0;
				GCC_PREPROCESSOR_DEFINITIONS = (
					"DEBUG=1",
					"$(inherited)",
				);
				GCC_WARN_64_TO_32_BIT_CONVERSION = YES;
				GCC_WARN_ABOUT_RETURN_TYPE = YES_ERROR;
				GCC_WARN_UNDECLARED_SELECTOR = YES;
				GCC_WARN_UNINITIALIZED_AUTOS = YES_AGGRESSIVE;
				GCC_WARN_UNUSED_FUNCTION = YES;
				GCC_WARN_UNUSED_VARIABLE = YES;
				IPHONEOS_DEPLOYMENT_TARGET = 14.5;
				MTL_ENABLE_DEBUG_INFO = INCLUDE_SOURCE;
				MTL_FAST_MATH = YES;
				ONLY_ACTIVE_ARCH = YES;
				SDKROOT = iphoneos;
				SWIFT_ACTIVE_COMPILATION_CONDITIONS = DEBUG;
				SWIFT_OPTIMIZATION_LEVEL = "-Onone";
			};
			name = Debug;
		};
		C70C8BD7270C2F11001EE73C /* Release */ = {
			isa = XCBuildConfiguration;
			buildSettings = {
				ALWAYS_SEARCH_USER_PATHS = NO;
				CLANG_ANALYZER_NONNULL = YES;
				CLANG_ANALYZER_NUMBER_OBJECT_CONVERSION = YES_AGGRESSIVE;
				CLANG_CXX_LANGUAGE_STANDARD = "gnu++14";
				CLANG_CXX_LIBRARY = "libc++";
				CLANG_ENABLE_MODULES = YES;
				CLANG_ENABLE_OBJC_ARC = YES;
				CLANG_ENABLE_OBJC_WEAK = YES;
				CLANG_WARN_BLOCK_CAPTURE_AUTORELEASING = YES;
				CLANG_WARN_BOOL_CONVERSION = YES;
				CLANG_WARN_COMMA = YES;
				CLANG_WARN_CONSTANT_CONVERSION = YES;
				CLANG_WARN_DEPRECATED_OBJC_IMPLEMENTATIONS = YES;
				CLANG_WARN_DIRECT_OBJC_ISA_USAGE = YES_ERROR;
				CLANG_WARN_DOCUMENTATION_COMMENTS = YES;
				CLANG_WARN_EMPTY_BODY = YES;
				CLANG_WARN_ENUM_CONVERSION = YES;
				CLANG_WARN_INFINITE_RECURSION = YES;
				CLANG_WARN_INT_CONVERSION = YES;
				CLANG_WARN_NON_LITERAL_NULL_CONVERSION = YES;
				CLANG_WARN_OBJC_IMPLICIT_RETAIN_SELF = YES;
				CLANG_WARN_OBJC_LITERAL_CONVERSION = YES;
				CLANG_WARN_OBJC_ROOT_CLASS = YES_ERROR;
				CLANG_WARN_QUOTED_INCLUDE_IN_FRAMEWORK_HEADER = YES;
				CLANG_WARN_RANGE_LOOP_ANALYSIS = YES;
				CLANG_WARN_STRICT_PROTOTYPES = YES;
				CLANG_WARN_SUSPICIOUS_MOVE = YES;
				CLANG_WARN_UNGUARDED_AVAILABILITY = YES_AGGRESSIVE;
				CLANG_WARN_UNREACHABLE_CODE = YES;
				CLANG_WARN__DUPLICATE_METHOD_MATCH = YES;
				COPY_PHASE_STRIP = NO;
				DEBUG_INFORMATION_FORMAT = "dwarf-with-dsym";
				ENABLE_NS_ASSERTIONS = NO;
				ENABLE_STRICT_OBJC_MSGSEND = YES;
				GCC_C_LANGUAGE_STANDARD = gnu11;
				GCC_NO_COMMON_BLOCKS = YES;
				GCC_WARN_64_TO_32_BIT_CONVERSION = YES;
				GCC_WARN_ABOUT_RETURN_TYPE = YES_ERROR;
				GCC_WARN_UNDECLARED_SELECTOR = YES;
				GCC_WARN_UNINITIALIZED_AUTOS = YES_AGGRESSIVE;
				GCC_WARN_UNUSED_FUNCTION = YES;
				GCC_WARN_UNUSED_VARIABLE = YES;
				IPHONEOS_DEPLOYMENT_TARGET = 14.5;
				MTL_ENABLE_DEBUG_INFO = NO;
				MTL_FAST_MATH = YES;
				SDKROOT = iphoneos;
				SWIFT_COMPILATION_MODE = wholemodule;
				SWIFT_OPTIMIZATION_LEVEL = "-O";
				VALIDATE_PRODUCT = YES;
			};
			name = Release;
		};
		C70C8BD9270C2F11001EE73C /* Debug */ = {
			isa = XCBuildConfiguration;
			buildSettings = {
				ASSETCATALOG_COMPILER_APPICON_NAME = AppIcon;
				ASSETCATALOG_COMPILER_GLOBAL_ACCENT_COLOR_NAME = AccentColor;
				CODE_SIGN_STYLE = Automatic;
				DEVELOPMENT_ASSET_PATHS = "\"AR_hand_detection/Preview Content\"";
				DEVELOPMENT_TEAM = QULCGY75N4;
				ENABLE_PREVIEWS = YES;
				INFOPLIST_FILE = AR_hand_detection/Info.plist;
				IPHONEOS_DEPLOYMENT_TARGET = 14.0;
				LD_RUNPATH_SEARCH_PATHS = (
					"$(inherited)",
					"@executable_path/Frameworks",
				);
				PRODUCT_BUNDLE_IDENTIFIER = "Cloud.AR-hand-detection";
				PRODUCT_NAME = "$(TARGET_NAME)";
				SWIFT_VERSION = 5.0;
				TARGETED_DEVICE_FAMILY = "1,2";
			};
			name = Debug;
		};
		C70C8BDA270C2F11001EE73C /* Release */ = {
			isa = XCBuildConfiguration;
			buildSettings = {
				ASSETCATALOG_COMPILER_APPICON_NAME = AppIcon;
				ASSETCATALOG_COMPILER_GLOBAL_ACCENT_COLOR_NAME = AccentColor;
				CODE_SIGN_STYLE = Automatic;
				DEVELOPMENT_ASSET_PATHS = "\"AR_hand_detection/Preview Content\"";
				DEVELOPMENT_TEAM = QULCGY75N4;
				ENABLE_PREVIEWS = YES;
				INFOPLIST_FILE = AR_hand_detection/Info.plist;
				IPHONEOS_DEPLOYMENT_TARGET = 14.0;
				LD_RUNPATH_SEARCH_PATHS = (
					"$(inherited)",
					"@executable_path/Frameworks",
				);
				PRODUCT_BUNDLE_IDENTIFIER = "Cloud.AR-hand-detection";
				PRODUCT_NAME = "$(TARGET_NAME)";
				SWIFT_VERSION = 5.0;
				TARGETED_DEVICE_FAMILY = "1,2";
			};
			name = Release;
		};
/* End XCBuildConfiguration section */

/* Begin XCConfigurationList section */
		C70C8BC4270C2F10001EE73C /* Build configuration list for PBXProject "AR_hand_detection" */ = {
			isa = XCConfigurationList;
			buildConfigurations = (
				C70C8BD6270C2F11001EE73C /* Debug */,
				C70C8BD7270C2F11001EE73C /* Release */,
			);
			defaultConfigurationIsVisible = 0;
			defaultConfigurationName = Release;
		};
		C70C8BD8270C2F11001EE73C /* Build configuration list for PBXNativeTarget "AR_hand_detection" */ = {
			isa = XCConfigurationList;
			buildConfigurations = (
				C70C8BD9270C2F11001EE73C /* Debug */,
				C70C8BDA270C2F11001EE73C /* Release */,
			);
			defaultConfigurationIsVisible = 0;
			defaultConfigurationName = Release;
		};
/* End XCConfigurationList section */
	};
	rootObject = C70C8BC1270C2F10001EE73C /* Project object */;
}
